
Microsoft Visual Studio Solution File, Format Version 12.00
# Visual Studio Version 17
VisualStudioVersion = 17.0.31903.59
MinimumVisualStudioVersion = 10.0.40219.1
Project("{FAE04EC0-301F-11D3-BF4B-00C04F79EFBC}") = "gmcs_statemachine", "gmcs_statemachine.csproj", "{C21D5168-9EF8-4F2D-B4E8-7E303A0E9FBF}"
EndProject
Global
	GlobalSection(SolutionConfigurationPlatforms) = preSolution
		Debug|Any CPU = Debug|Any CPU
		Release|Any CPU = Release|Any CPU
	EndGlobalSection
	GlobalSection(SolutionProperties) = preSolution
		HideSolutionNode = FALSE
	EndGlobalSection
	GlobalSection(ProjectConfigurationPlatforms) = postSolution
		{C21D5168-9EF8-4F2D-B4E8-7E303A0E9FBF}.Debug|Any CPU.ActiveCfg = Debug|Any CPU
		{C21D5168-9EF8-4F2D-B4E8-7E303A0E9FBF}.Debug|Any CPU.Build.0 = Debug|Any CPU
		{C21D5168-9EF8-4F2D-B4E8-7E303A0E9FBF}.Release|Any CPU.ActiveCfg = Release|Any CPU
		{C21D5168-9EF8-4F2D-B4E8-7E303A0E9FBF}.Release|Any CPU.Build.0 = Release|Any CPU
	EndGlobalSection
EndGlobal
